
Microsoft Visual Studio Solution File, Format Version 12.00
# Visual Studio Version 17
VisualStudioVersion = 17.11.35327.3
MinimumVisualStudioVersion = 10.0.40219.1
Project("{FAE04EC0-301F-11D3-BF4B-00C04F79EFBC}") = "Dashboard", "Dashboard\Dashboard.csproj", "{BF664AE6-302A-4CE6-9B5E-595298DEA448}"
EndProject
Global
	GlobalSection(SolutionConfigurationPlatforms) = preSolution
		Debug|Any CPU = Debug|Any CPU
		Release|Any CPU = Release|Any CPU
	EndGlobalSection
	GlobalSection(ProjectConfigurationPlatforms) = postSolution
		{BF664AE6-302A-4CE6-9B5E-595298DEA448}.Debug|Any CPU.ActiveCfg = Debug|Any CPU
		{BF664AE6-302A-4CE6-9B5E-595298DEA448}.Debug|Any CPU.Build.0 = Debug|Any CPU
		{BF664AE6-302A-4CE6-9B5E-595298DEA448}.Release|Any CPU.ActiveCfg = Release|Any CPU
		{BF664AE6-302A-4CE6-9B5E-595298DEA448}.Release|Any CPU.Build.0 = Release|Any CPU
	EndGlobalSection
	GlobalSection(SolutionProperties) = preSolution
		HideSolutionNode = FALSE
	EndGlobalSection
	GlobalSection(ExtensibilityGlobals) = postSolution
		SolutionGuid = {7847B614-6978-4DCE-B313-2C05E0536951}
	EndGlobalSection
EndGlobal
